<?xml version="1.0" encoding="UTF-8" standalone="yes" ?>
<CodeBlocks_project_file>
	<FileVersion major="1" minor="6" />
	<Project>
		<Option title="Projet final" />
		<Option pch_mode="2" />
		<Option compiler="gcc" />
		<Build>
			<Target title="Debug">
				<Option output="bin/Debug/Projet final" prefix_auto="1" extension_auto="1" />
				<Option object_output="obj/Debug/" />
				<Option type="1" />
				<Option compiler="gcc" />
				<Compiler>
					<Add option="-g" />
				</Compiler>
			</Target>
			<Target title="Release">
				<Option output="bin/Release/Projet final" prefix_auto="1" extension_auto="1" />
				<Option object_output="obj/Release/" />
				<Option type="1" />
				<Option compiler="gcc" />
				<Compiler>
					<Add option="-O2" />
				</Compiler>
				<Linker>
					<Add option="-s" />
				</Linker>
			</Target>
		</Build>
		<Compiler>
			<Add option="-Wall" />
		</Compiler>
		<Unit filename="Animations/anim_attaque_de_base.c">
			<Option compilerVar="CC" />
		</Unit>
		<Unit filename="Animations/animation_deplacement.c">
			<Option compilerVar="CC" />
		</Unit>
		<Unit filename="Combats/selection_sort.c">
			<Option compilerVar="CC" />
		</Unit>
		<Unit filename="Combats/sorts_assassin.c">
			<Option compilerVar="CC" />
		</Unit>
		<Unit filename="Combats/sorts_guerrier.c">
			<Option compilerVar="CC" />
		</Unit>
		<Unit filename="Combats/sorts_mage.c">
			<Option compilerVar="CC" />
		</Unit>
		<Unit filename="Combats/sorts_vampire.c">
			<Option compilerVar="CC" />
		</Unit>
		<Unit filename="Fin_de_partie/classement_fin.c">
			<Option compilerVar="CC" />
		</Unit>
		<Unit filename="Menu_et_choix/choix_classes.c">
			<Option compilerVar="CC" />
		</Unit>
		<Unit filename="Menu_et_choix/creation_classes.c">
			<Option compilerVar="CC" />
		</Unit>
		<Unit filename="Menu_et_choix/menu.c">
			<Option compilerVar="CC" />
		</Unit>
		<Unit filename="Partie_en_cours/Tour_joueur.c">
			<Option compilerVar="CC" />
		</Unit>
		<Unit filename="Partie_en_cours/deplacement_joueur.c">
			<Option compilerVar="CC" />
		</Unit>
		<Unit filename="Partie_en_cours/position_depart_joueurs.c">
			<Option compilerVar="CC" />
		</Unit>
		<Unit filename="Partie_en_cours/tour_aleatoire.c">
			<Option compilerVar="CC" />
		</Unit>
		<Unit filename="SPGM affichages/afffichage_hud.c">
			<Option compilerVar="CC" />
		</Unit>
		<Unit filename="SPGM affichages/affichage_elements.c">
			<Option compilerVar="CC" />
		</Unit>
		<Unit filename="SPGM affichages/calques.c">
			<Option compilerVar="CC" />
		</Unit>
		<Unit filename="SPGM affichages/dessins_blocs.c">
			<Option compilerVar="CC" />
		</Unit>
		<Unit filename="SPGM affichages/initialisations_tab.c">
			<Option compilerVar="CC" />
		</Unit>
		<Unit filename="SPGM affichages/lecture_pixels.c">
			<Option compilerVar="CC" />
		</Unit>
		<Unit filename="SPGM affichages/quadrilages.c">
			<Option compilerVar="CC" />
		</Unit>
		<Unit filename="SPGM affichages/zone_deplacement.c">
			<Option compilerVar="CC" />
		</Unit>
		<Unit filename="main.c">
			<Option compilerVar="CC" />
		</Unit>
		<Unit filename="prototypes.h" />
		<Unit filename="structures.h" />
		<Extensions />
	</Project>
</CodeBlocks_project_file>
